
Microsoft Visual Studio Solution File, Format Version 12.00
# Visual Studio 15
VisualStudioVersion = 15.0.27004.2009
MinimumVisualStudioVersion = 10.0.40219.1
Project("{FAE04EC0-301F-11D3-BF4B-00C04F79EFBC}") = "WebDbClient", "WebDbClient\WebDbClient.csproj", "{EFC9AB2A-6F01-4E65-8291-D20DB99FD7A3}"
EndProject
Global
	GlobalSection(SolutionConfigurationPlatforms) = preSolution
		Debug|Any CPU = Debug|Any CPU
		Release|Any CPU = Release|Any CPU
	EndGlobalSection
	GlobalSection(ProjectConfigurationPlatforms) = postSolution
		{EFC9AB2A-6F01-4E65-8291-D20DB99FD7A3}.Debug|Any CPU.ActiveCfg = Debug|Any CPU
		{EFC9AB2A-6F01-4E65-8291-D20DB99FD7A3}.Debug|Any CPU.Build.0 = Debug|Any CPU
		{EFC9AB2A-6F01-4E65-8291-D20DB99FD7A3}.Release|Any CPU.ActiveCfg = Release|Any CPU
		{EFC9AB2A-6F01-4E65-8291-D20DB99FD7A3}.Release|Any CPU.Build.0 = Release|Any CPU
	EndGlobalSection
	GlobalSection(SolutionProperties) = preSolution
		HideSolutionNode = FALSE
	EndGlobalSection
	GlobalSection(ExtensibilityGlobals) = postSolution
		SolutionGuid = {F52E0E10-AAB3-4579-A1E3-4E5894CBC112}
	EndGlobalSection
EndGlobal
